
Microsoft Visual Studio Solution File, Format Version 12.00
# Visual Studio 15
VisualStudioVersion = 15.0.27703.2035
MinimumVisualStudioVersion = 10.0.40219.1
Project("{FAE04EC0-301F-11D3-BF4B-00C04F79EFBC}") = "HotelBot", "HotelBot\HotelBot.csproj", "{0C2FDA06-3492-472C-A594-6267A96D8BBC}"
EndProject
Global
	GlobalSection(SolutionConfigurationPlatforms) = preSolution
		Debug|Any CPU = Debug|Any CPU
		Release|Any CPU = Release|Any CPU
	EndGlobalSection
	GlobalSection(ProjectConfigurationPlatforms) = postSolution
		{0C2FDA06-3492-472C-A594-6267A96D8BBC}.Debug|Any CPU.ActiveCfg = Debug|Any CPU
		{0C2FDA06-3492-472C-A594-6267A96D8BBC}.Debug|Any CPU.Build.0 = Debug|Any CPU
		{0C2FDA06-3492-472C-A594-6267A96D8BBC}.Release|Any CPU.ActiveCfg = Release|Any CPU
		{0C2FDA06-3492-472C-A594-6267A96D8BBC}.Release|Any CPU.Build.0 = Release|Any CPU
	EndGlobalSection
	GlobalSection(SolutionProperties) = preSolution
		HideSolutionNode = FALSE
	EndGlobalSection
	GlobalSection(ExtensibilityGlobals) = postSolution
		SolutionGuid = {636FF241-5988-469D-9EAE-B917AC6AB9B1}
	EndGlobalSection
EndGlobal
